
Microsoft Visual Studio Solution File, Format Version 12.00
# Visual Studio Version 17
VisualStudioVersion = 17.8.34511.84
MinimumVisualStudioVersion = 10.0.40219.1
Project("{FAE04EC0-301F-11D3-BF4B-00C04F79EFBC}") = "RaspberryHut.Android", "RaspberryHut\RaspberryHut.Android\RaspberryHut.Android.csproj", "{5920C867-0C94-434F-AEE8-BA9D8B7A0F9E}"
EndProject
Project("{FAE04EC0-301F-11D3-BF4B-00C04F79EFBC}") = "RaspberryHut.iOS", "RaspberryHut\RaspberryHut.iOS\RaspberryHut.iOS.csproj", "{04A2FEA2-2815-4A41-A625-8DF2C72CF21A}"
EndProject
Project("{FAE04EC0-301F-11D3-BF4B-00C04F79EFBC}") = "RaspberryHut", "RaspberryHut\RaspberryHut\RaspberryHut.csproj", "{BFA57240-412F-4200-A5BE-F5FB812A6D8F}"
EndProject
Global
	GlobalSection(SolutionConfigurationPlatforms) = preSolution
		Debug|Any CPU = Debug|Any CPU
		Debug|iPhone = Debug|iPhone
		Debug|iPhoneSimulator = Debug|iPhoneSimulator
		Release|Any CPU = Release|Any CPU
		Release|iPhone = Release|iPhone
		Release|iPhoneSimulator = Release|iPhoneSimulator
	EndGlobalSection
	GlobalSection(ProjectConfigurationPlatforms) = postSolution
		{5920C867-0C94-434F-AEE8-BA9D8B7A0F9E}.Debug|Any CPU.ActiveCfg = Debug|Any CPU
		{5920C867-0C94-434F-AEE8-BA9D8B7A0F9E}.Debug|Any CPU.Build.0 = Debug|Any CPU
		{5920C867-0C94-434F-AEE8-BA9D8B7A0F9E}.Debug|Any CPU.Deploy.0 = Debug|Any CPU
		{5920C867-0C94-434F-AEE8-BA9D8B7A0F9E}.Debug|iPhone.ActiveCfg = Debug|Any CPU
		{5920C867-0C94-434F-AEE8-BA9D8B7A0F9E}.Debug|iPhone.Build.0 = Debug|Any CPU
		{5920C867-0C94-434F-AEE8-BA9D8B7A0F9E}.Debug|iPhone.Deploy.0 = Debug|Any CPU
		{5920C867-0C94-434F-AEE8-BA9D8B7A0F9E}.Debug|iPhoneSimulator.ActiveCfg = Debug|Any CPU
		{5920C867-0C94-434F-AEE8-BA9D8B7A0F9E}.Debug|iPhoneSimulator.Build.0 = Debug|Any CPU
		{5920C867-0C94-434F-AEE8-BA9D8B7A0F9E}.Debug|iPhoneSimulator.Deploy.0 = Debug|Any CPU
		{5920C867-0C94-434F-AEE8-BA9D8B7A0F9E}.Release|Any CPU.ActiveCfg = Release|Any CPU
		{5920C867-0C94-434F-AEE8-BA9D8B7A0F9E}.Release|Any CPU.Build.0 = Release|Any CPU
		{5920C867-0C94-434F-AEE8-BA9D8B7A0F9E}.Release|Any CPU.Deploy.0 = Release|Any CPU
		{5920C867-0C94-434F-AEE8-BA9D8B7A0F9E}.Release|iPhone.ActiveCfg = Release|Any CPU
		{5920C867-0C94-434F-AEE8-BA9D8B7A0F9E}.Release|iPhone.Build.0 = Release|Any CPU
		{5920C867-0C94-434F-AEE8-BA9D8B7A0F9E}.Release|iPhone.Deploy.0 = Release|Any CPU
		{5920C867-0C94-434F-AEE8-BA9D8B7A0F9E}.Release|iPhoneSimulator.ActiveCfg = Release|Any CPU
		{5920C867-0C94-434F-AEE8-BA9D8B7A0F9E}.Release|iPhoneSimulator.Build.0 = Release|Any CPU
		{5920C867-0C94-434F-AEE8-BA9D8B7A0F9E}.Release|iPhoneSimulator.Deploy.0 = Release|Any CPU
		{04A2FEA2-2815-4A41-A625-8DF2C72CF21A}.Debug|Any CPU.ActiveCfg = Debug|iPhone
		{04A2FEA2-2815-4A41-A625-8DF2C72CF21A}.Debug|Any CPU.Build.0 = Debug|iPhone
		{04A2FEA2-2815-4A41-A625-8DF2C72CF21A}.Debug|Any CPU.Deploy.0 = Debug|iPhone
		{04A2FEA2-2815-4A41-A625-8DF2C72CF21A}.Debug|iPhone.ActiveCfg = Debug|iPhone
		{04A2FEA2-2815-4A41-A625-8DF2C72CF21A}.Debug|iPhone.Build.0 = Debug|iPhone
		{04A2FEA2-2815-4A41-A625-8DF2C72CF21A}.Debug|iPhone.Deploy.0 = Debug|iPhone
		{04A2FEA2-2815-4A41-A625-8DF2C72CF21A}.Debug|iPhoneSimulator.ActiveCfg = Debug|iPhoneSimulator
		{04A2FEA2-2815-4A41-A625-8DF2C72CF21A}.Debug|iPhoneSimulator.Build.0 = Debug|iPhoneSimulator
		{04A2FEA2-2815-4A41-A625-8DF2C72CF21A}.Debug|iPhoneSimulator.Deploy.0 = Debug|iPhoneSimulator
		{04A2FEA2-2815-4A41-A625-8DF2C72CF21A}.Release|Any CPU.ActiveCfg = Release|iPhoneSimulator
		{04A2FEA2-2815-4A41-A625-8DF2C72CF21A}.Release|Any CPU.Build.0 = Release|iPhoneSimulator
		{04A2FEA2-2815-4A41-A625-8DF2C72CF21A}.Release|Any CPU.Deploy.0 = Release|iPhoneSimulator
		{04A2FEA2-2815-4A41-A625-8DF2C72CF21A}.Release|iPhone.ActiveCfg = Release|iPhone
		{04A2FEA2-2815-4A41-A625-8DF2C72CF21A}.Release|iPhone.Build.0 = Release|iPhone
		{04A2FEA2-2815-4A41-A625-8DF2C72CF21A}.Release|iPhone.Deploy.0 = Release|iPhone
		{04A2FEA2-2815-4A41-A625-8DF2C72CF21A}.Release|iPhoneSimulator.ActiveCfg = Release|iPhoneSimulator
		{04A2FEA2-2815-4A41-A625-8DF2C72CF21A}.Release|iPhoneSimulator.Build.0 = Release|iPhoneSimulator
		{04A2FEA2-2815-4A41-A625-8DF2C72CF21A}.Release|iPhoneSimulator.Deploy.0 = Release|iPhoneSimulator
		{BFA57240-412F-4200-A5BE-F5FB812A6D8F}.Debug|Any CPU.ActiveCfg = Debug|Any CPU
		{BFA57240-412F-4200-A5BE-F5FB812A6D8F}.Debug|Any CPU.Build.0 = Debug|Any CPU
		{BFA57240-412F-4200-A5BE-F5FB812A6D8F}.Debug|Any CPU.Deploy.0 = Debug|Any CPU
		{BFA57240-412F-4200-A5BE-F5FB812A6D8F}.Debug|iPhone.ActiveCfg = Debug|Any CPU
		{BFA57240-412F-4200-A5BE-F5FB812A6D8F}.Debug|iPhone.Build.0 = Debug|Any CPU
		{BFA57240-412F-4200-A5BE-F5FB812A6D8F}.Debug|iPhone.Deploy.0 = Debug|Any CPU
		{BFA57240-412F-4200-A5BE-F5FB812A6D8F}.Debug|iPhoneSimulator.ActiveCfg = Debug|Any CPU
		{BFA57240-412F-4200-A5BE-F5FB812A6D8F}.Debug|iPhoneSimulator.Build.0 = Debug|Any CPU
		{BFA57240-412F-4200-A5BE-F5FB812A6D8F}.Debug|iPhoneSimulator.Deploy.0 = Debug|Any CPU
		{BFA57240-412F-4200-A5BE-F5FB812A6D8F}.Release|Any CPU.ActiveCfg = Release|Any CPU
		{BFA57240-412F-4200-A5BE-F5FB812A6D8F}.Release|Any CPU.Build.0 = Release|Any CPU
		{BFA57240-412F-4200-A5BE-F5FB812A6D8F}.Release|Any CPU.Deploy.0 = Release|Any CPU
		{BFA57240-412F-4200-A5BE-F5FB812A6D8F}.Release|iPhone.ActiveCfg = Release|Any CPU
		{BFA57240-412F-4200-A5BE-F5FB812A6D8F}.Release|iPhone.Build.0 = Release|Any CPU
		{BFA57240-412F-4200-A5BE-F5FB812A6D8F}.Release|iPhone.Deploy.0 = Release|Any CPU
		{BFA57240-412F-4200-A5BE-F5FB812A6D8F}.Release|iPhoneSimulator.ActiveCfg = Release|Any CPU
		{BFA57240-412F-4200-A5BE-F5FB812A6D8F}.Release|iPhoneSimulator.Build.0 = Release|Any CPU
		{BFA57240-412F-4200-A5BE-F5FB812A6D8F}.Release|iPhoneSimulator.Deploy.0 = Release|Any CPU
	EndGlobalSection
	GlobalSection(SolutionProperties) = preSolution
		HideSolutionNode = FALSE
	EndGlobalSection
	GlobalSection(ExtensibilityGlobals) = postSolution
		SolutionGuid = {0183A087-5F03-416A-87D1-B92039894079}
	EndGlobalSection
EndGlobal
